<?xml version="1.0" encoding="utf-8"?>
<Project ToolsVersion="4.0" xmlns="http://schemas.microsoft.com/developer/msbuild/2003">
  <ItemGroup>
    <Filter Include="Moves">
      <UniqueIdentifier>{6F40AF0D-DB54-D7BE-A4D6-7A1E10AAD3EF}</UniqueIdentifier>
    </Filter>
    <Filter Include="Pieces">
      <UniqueIdentifier>{DED820CA-CA7A-4BA0-B335-5FF49F76D2F0}</UniqueIdentifier>
    </Filter>
  </ItemGroup>
  <ItemGroup>
    <ClInclude Include="src\ChessBoard.h" />
    <ClInclude Include="src\ChessGame.h" />
    <ClInclude Include="src\Exception.h" />
    <ClInclude Include="src\Moves\Capture.h">
      <Filter>Moves</Filter>
    </ClInclude>
    <ClInclude Include="src\Moves\Castle.h">
      <Filter>Moves</Filter>
    </ClInclude>
    <ClInclude Include="src\Moves\ChessMove.h">
      <Filter>Moves</Filter>
    </ClInclude>
    <ClInclude Include="src\Moves\EnPassant.h">
      <Filter>Moves</Filter>
    </ClInclude>
    <ClInclude Include="src\Moves\Promotion.h">
      <Filter>Moves</Filter>
    </ClInclude>
    <ClInclude Include="src\Pieces\Bishop.h">
      <Filter>Pieces</Filter>
    </ClInclude>
    <ClInclude Include="src\Pieces\ChessPiece.h">
      <Filter>Pieces</Filter>
    </ClInclude>
    <ClInclude Include="src\Pieces\King.h">
      <Filter>Pieces</Filter>
    </ClInclude>
    <ClInclude Include="src\Pieces\Knight.h">
      <Filter>Pieces</Filter>
    </ClInclude>
    <ClInclude Include="src\Pieces\Pawn.h">
      <Filter>Pieces</Filter>
    </ClInclude>
    <ClInclude Include="src\Pieces\Queen.h">
      <Filter>Pieces</Filter>
    </ClInclude>
    <ClInclude Include="src\Pieces\Rook.h">
      <Filter>Pieces</Filter>
    </ClInclude>
    <ClInclude Include="src\Player.h" />
    <ClInclude Include="src\Timer.h" />
    <ClInclude Include="src\utilities.h" />
    <ClInclude Include="src\Cards\Card.h" />
  </ItemGroup>
  <ItemGroup>
    <ClCompile Include="src\ChessBoard.cpp" />
    <ClCompile Include="src\ChessGame.cpp" />
    <ClCompile Include="src\Moves\Capture.cpp">
      <Filter>Moves</Filter>
    </ClCompile>
    <ClCompile Include="src\Moves\Castle.cpp">
      <Filter>Moves</Filter>
    </ClCompile>
    <ClCompile Include="src\Moves\ChessMove.cpp">
      <Filter>Moves</Filter>
    </ClCompile>
    <ClCompile Include="src\Moves\EnPassant.cpp">
      <Filter>Moves</Filter>
    </ClCompile>
    <ClCompile Include="src\Moves\Promotion.cpp">
      <Filter>Moves</Filter>
    </ClCompile>
    <ClCompile Include="src\Pieces\Bishop.cpp">
      <Filter>Pieces</Filter>
    </ClCompile>
    <ClCompile Include="src\Pieces\ChessPiece.cpp">
      <Filter>Pieces</Filter>
    </ClCompile>
    <ClCompile Include="src\Pieces\King.cpp">
      <Filter>Pieces</Filter>
    </ClCompile>
    <ClCompile Include="src\Pieces\Knight.cpp">
      <Filter>Pieces</Filter>
    </ClCompile>
    <ClCompile Include="src\Pieces\Pawn.cpp">
      <Filter>Pieces</Filter>
    </ClCompile>
    <ClCompile Include="src\Pieces\Queen.cpp">
      <Filter>Pieces</Filter>
    </ClCompile>
    <ClCompile Include="src\Pieces\Rook.cpp">
      <Filter>Pieces</Filter>
    </ClCompile>
    <ClCompile Include="src\Player.cpp" />
    <ClCompile Include="src\main.cpp" />
    <ClCompile Include="src\utilities.cpp" />
  </ItemGroup>
  <ItemGroup>
    <Font Include="src\fonts\LEMONMILK-Regular.otf" />
  </ItemGroup>
  <ItemGroup>
    <None Include=".gitattributes" />
    <None Include=".gitignore" />
    <None Include="ChessClasses.make" />
    <None Include="Makefile" />
    <None Include="premake5.lua" />
    <None Include="README.md" />
    <None Include="vendor\bin\premake5.exe" />
    <None Include="bin\Debug\ChessClasses.exe" />
    <None Include="bin\Debug\ChessClasses.pdb" />
    <None Include="bin\Debug\openal32.dll" />
    <None Include="bin\Debug\sfml-audio-2.dll" />
    <None Include="bin\Debug\sfml-audio-d-2.dll" />
    <None Include="bin\Debug\sfml-graphics-2.dll" />
    <None Include="bin\Debug\sfml-graphics-d-2.dll" />
    <None Include="bin\Debug\sfml-network-2.dll" />
    <None Include="bin\Debug\sfml-network-d-2.dll" />
    <None Include="bin\Debug\sfml-system-2.dll" />
    <None Include="bin\Debug\sfml-system-d-2.dll" />
    <None Include="bin\Debug\sfml-window-2.dll" />
    <None Include="bin\Debug\sfml-window-d-2.dll" />
    <None Include="bin\Debug\img\Chess_bdt45.svg" />
    <None Include="bin\Debug\img\Chess_blt45.svg" />
    <None Include="bin\Debug\img\Chess_kdt45.svg" />
    <None Include="bin\Debug\img\Chess_klt45.svg" />
    <None Include="bin\Debug\img\Chess_nlt45.svg" />
    <None Include="bin\Debug\img\Chess_ndt45.svg" />
    <None Include="bin\Debug\img\Chess_pdt45.svg" />
    <None Include="bin\Debug\img\Chess_plt45.svg" />
    <None Include="bin\Debug\img\Chess_qlt45.svg" />
    <None Include="bin\Debug\img\Chess_qdt45.svg" />
    <None Include="bin\Debug\img\Chess_rdt45.svg" />
    <None Include="bin\Debug\img\Chess_rlt45.svg" />
    <None Include="src\img\Chess_bdt45.svg" />
    <None Include="src\img\Chess_blt45.svg" />
    <None Include="src\img\Chess_klt45.svg" />
    <None Include="src\img\Chess_kdt45.svg" />
    <None Include="src\img\Chess_ndt45.svg" />
    <None Include="src\img\Chess_pdt45.svg" />
    <None Include="src\img\Chess_nlt45.svg" />
    <None Include="src\img\Chess_plt45.svg" />
    <None Include="src\img\Chess_qdt45.svg" />
    <None Include="src\img\Chess_qlt45.svg" />
    <None Include="src\img\Chess_rdt45.svg" />
    <None Include="src\img\Chess_rlt45.svg" />
  </ItemGroup>
  <ItemGroup>
    <Text Include="vendor\bin\LICENSE.txt" />
  </ItemGroup>
  <ItemGroup>
    <Image Include="src\img\Chess_rlt45.png" />
    <Image Include="src\img\Chess_rdt45.png" />
    <Image Include="src\img\Chess_qlt45.png" />
    <Image Include="src\img\Chess_qdt45.png" />
    <Image Include="src\img\Chess_plt45.png" />
    <Image Include="src\img\Chess_pdt45.png" />
    <Image Include="src\img\Chess_nlt45.png" />
    <Image Include="src\img\Chess_ndt45.png" />
    <Image Include="src\img\Chess_klt45.png" />
    <Image Include="src\img\Chess_kdt45.png" />
    <Image Include="src\img\Chess_blt45.png" />
    <Image Include="src\img\Chess_bdt45.png" />
  </ItemGroup>
</Project>