<?xml version="1.0" encoding="utf-8"?>
<Project ToolsVersion="4.0" xmlns="http://schemas.microsoft.com/developer/msbuild/2003">
  <ItemGroup>
    <Filter Include="Source Files">
      <UniqueIdentifier>{4FC737F1-C7A5-4376-A066-2A32D752A2FF}</UniqueIdentifier>
      <Extensions>cpp;c;cc;cxx;c++;cppm;ixx;def;odl;idl;hpj;bat;asm;asmx</Extensions>
    </Filter>
    <Filter Include="Header Files">
      <UniqueIdentifier>{93995380-89BD-4b04-88EB-625FBE52EBFB}</UniqueIdentifier>
      <Extensions>h;hh;hpp;hxx;h++;hm;inl;inc;ipp;xsd</Extensions>
    </Filter>
    <Filter Include="Resource Files">
      <UniqueIdentifier>{67DA6AB6-F800-4c08-8B7A-83BB121AAD01}</UniqueIdentifier>
      <Extensions>rc;ico;cur;bmp;dlg;rc2;rct;bin;rgs;gif;jpg;jpeg;jpe;resx;tiff;tif;png;wav;mfcribbon-ms</Extensions>
    </Filter>
  </ItemGroup>
  <ItemGroup>
    <ClCompile Include="ChessClasses\Moves\Capture.cpp">
      <Filter>Source Files</Filter>
    </ClCompile>
    <ClCompile Include="ChessClasses\Moves\Castle.cpp">
      <Filter>Source Files</Filter>
    </ClCompile>
    <ClCompile Include="ChessClasses\Moves\EnPassant.cpp">
      <Filter>Source Files</Filter>
    </ClCompile>
    <ClCompile Include="ChessClasses\Moves\Promotion.cpp">
      <Filter>Source Files</Filter>
    </ClCompile>
    <ClCompile Include="ChessClasses\Moves\Regular.cpp">
      <Filter>Source Files</Filter>
    </ClCompile>
    <ClCompile Include="ChessClasses\main.cpp">
      <Filter>Source Files</Filter>
    </ClCompile>
    <ClCompile Include="ChessClasses\utilities.cpp">
      <Filter>Source Files</Filter>
    </ClCompile>
    <ClCompile Include="ChessClasses\Pieces\ChessPiece.cpp">
      <Filter>Source Files</Filter>
    </ClCompile>
    <ClCompile Include="ChessClasses\Pieces\Bishop.cpp">
      <Filter>Source Files</Filter>
    </ClCompile>
    <ClCompile Include="ChessClasses\Pieces\King.cpp">
      <Filter>Source Files</Filter>
    </ClCompile>
  </ItemGroup>
  <ItemGroup>
    <ClInclude Include="ChessClasses\Moves\Capture.h">
      <Filter>Header Files</Filter>
    </ClInclude>
    <ClInclude Include="ChessClasses\Moves\Castle.h">
      <Filter>Header Files</Filter>
    </ClInclude>
    <ClInclude Include="ChessClasses\Moves\ChessMove.h">
      <Filter>Header Files</Filter>
    </ClInclude>
    <ClInclude Include="ChessClasses\Moves\EnPassant.h">
      <Filter>Header Files</Filter>
    </ClInclude>
    <ClInclude Include="ChessClasses\Moves\Promotion.h">
      <Filter>Header Files</Filter>
    </ClInclude>
    <ClInclude Include="ChessClasses\Moves\Regular.h">
      <Filter>Header Files</Filter>
    </ClInclude>
    <ClInclude Include="ChessClasses\Pieces\Bishop.h">
      <Filter>Header Files</Filter>
    </ClInclude>
    <ClInclude Include="ChessClasses\Pieces\ChessBoard.h">
      <Filter>Header Files</Filter>
    </ClInclude>
    <ClInclude Include="ChessClasses\Pieces\ChessGame.h">
      <Filter>Header Files</Filter>
    </ClInclude>
    <ClInclude Include="ChessClasses\Pieces\ChessPiece.h">
      <Filter>Header Files</Filter>
    </ClInclude>
    <ClInclude Include="ChessClasses\Pieces\King.h">
      <Filter>Header Files</Filter>
    </ClInclude>
    <ClInclude Include="ChessClasses\Pieces\Knight.h">
      <Filter>Header Files</Filter>
    </ClInclude>
    <ClInclude Include="ChessClasses\Pieces\Pawn.h">
      <Filter>Header Files</Filter>
    </ClInclude>
    <ClInclude Include="ChessClasses\Pieces\Queen.h">
      <Filter>Header Files</Filter>
    </ClInclude>
    <ClInclude Include="ChessClasses\Pieces\Rook.h">
      <Filter>Header Files</Filter>
    </ClInclude>
    <ClInclude Include="ChessClasses\ChessBoard.h">
      <Filter>Header Files</Filter>
    </ClInclude>
    <ClInclude Include="ChessClasses\ChessGame.h">
      <Filter>Header Files</Filter>
    </ClInclude>
    <ClInclude Include="ChessClasses\Exception.h">
      <Filter>Header Files</Filter>
    </ClInclude>
    <ClInclude Include="ChessClasses\utilities.h">
      <Filter>Header Files</Filter>
    </ClInclude>
  </ItemGroup>
</Project>