<?xml version="1.0" encoding="utf-8"?>
<Project ToolsVersion="4.0" xmlns="http://schemas.microsoft.com/developer/msbuild/2003">
  <ItemGroup>
    <Filter Include="Moves">
      <UniqueIdentifier>{6F40AF0D-DB54-D7BE-A4D6-7A1E10AAD3EF}</UniqueIdentifier>
    </Filter>
    <Filter Include="Pieces">
      <UniqueIdentifier>{DED820CA-CA7A-4BA0-B335-5FF49F76D2F0}</UniqueIdentifier>
    </Filter>
  </ItemGroup>
  <ItemGroup>
    <ClInclude Include="src\ChessBoard.h" />
    <ClInclude Include="src\ChessGame.h" />
    <ClInclude Include="src\Exception.h" />
    <ClInclude Include="src\Moves\Capture.h">
      <Filter>Moves</Filter>
    </ClInclude>
    <ClInclude Include="src\Moves\Castle.h">
      <Filter>Moves</Filter>
    </ClInclude>
    <ClInclude Include="src\Moves\ChessMove.h">
      <Filter>Moves</Filter>
    </ClInclude>
    <ClInclude Include="src\Moves\EnPassant.h">
      <Filter>Moves</Filter>
    </ClInclude>
    <ClInclude Include="src\Moves\Promotion.h">
      <Filter>Moves</Filter>
    </ClInclude>
    <ClInclude Include="src\Pieces\Bishop.h">
      <Filter>Pieces</Filter>
    </ClInclude>
    <ClInclude Include="src\Pieces\ChessPiece.h">
      <Filter>Pieces</Filter>
    </ClInclude>
    <ClInclude Include="src\Pieces\King.h">
      <Filter>Pieces</Filter>
    </ClInclude>
    <ClInclude Include="src\Pieces\Knight.h">
      <Filter>Pieces</Filter>
    </ClInclude>
    <ClInclude Include="src\Pieces\Pawn.h">
      <Filter>Pieces</Filter>
    </ClInclude>
    <ClInclude Include="src\Pieces\Queen.h">
      <Filter>Pieces</Filter>
    </ClInclude>
    <ClInclude Include="src\Pieces\Rook.h">
      <Filter>Pieces</Filter>
    </ClInclude>
    <ClInclude Include="src\Player.h" />
    <ClInclude Include="src\Timer.h" />
    <ClInclude Include="src\utilities.h" />
  </ItemGroup>
  <ItemGroup>
    <ClCompile Include="src\ChessBoard.cpp" />
    <ClCompile Include="src\ChessGame.cpp" />
    <ClCompile Include="src\Moves\Capture.cpp">
      <Filter>Moves</Filter>
    </ClCompile>
    <ClCompile Include="src\Moves\Castle.cpp">
      <Filter>Moves</Filter>
    </ClCompile>
    <ClCompile Include="src\Moves\ChessMove.cpp">
      <Filter>Moves</Filter>
    </ClCompile>
    <ClCompile Include="src\Moves\EnPassant.cpp">
      <Filter>Moves</Filter>
    </ClCompile>
    <ClCompile Include="src\Moves\Promotion.cpp">
      <Filter>Moves</Filter>
    </ClCompile>
    <ClCompile Include="src\Pieces\Bishop.cpp">
      <Filter>Pieces</Filter>
    </ClCompile>
    <ClCompile Include="src\Pieces\ChessPiece.cpp">
      <Filter>Pieces</Filter>
    </ClCompile>
    <ClCompile Include="src\Pieces\King.cpp">
      <Filter>Pieces</Filter>
    </ClCompile>
    <ClCompile Include="src\Pieces\Knight.cpp">
      <Filter>Pieces</Filter>
    </ClCompile>
    <ClCompile Include="src\Pieces\Pawn.cpp">
      <Filter>Pieces</Filter>
    </ClCompile>
    <ClCompile Include="src\Pieces\Queen.cpp">
      <Filter>Pieces</Filter>
    </ClCompile>
    <ClCompile Include="src\Pieces\Rook.cpp">
      <Filter>Pieces</Filter>
    </ClCompile>
    <ClCompile Include="src\Player.cpp" />
    <ClCompile Include="src\main.cpp" />
    <ClCompile Include="src\utilities.cpp" />
  </ItemGroup>
  <ItemGroup>
    <Text Include="vendor\bin\LICENSE.txt" />
  </ItemGroup>
  <ItemGroup>
    <None Include="vendor\bin\premake5.exe" />
  </ItemGroup>
</Project>